
Microsoft Visual Studio Solution File, Format Version 12.00
# Visual Studio Version 17
VisualStudioVersion = 17.9.34701.34
MinimumVisualStudioVersion = 10.0.40219.1
Project("{2150E333-8FDC-42A3-9474-1A3956D46DE8}") = "Solution Items", "Solution Items", "{99EFD19F-040B-498A-B973-A3BCE88F13FD}"
	ProjectSection(SolutionItems) = preProject
		.gitignore = .gitignore
		Build\Build.Configuration.cs = Build\Build.Configuration.cs
		Changelog.md = Changelog.md
		Readme.md = Readme.md
	EndProjectSection
EndProject
Project("{9A19103F-16F7-4668-BE54-9A1E7A4F7556}") = "Build", "build\Build.csproj", "{7DB63CBB-64E6-46D9-843F-1F0F1BF91FAA}"
EndProject
Project("{9A19103F-16F7-4668-BE54-9A1E7A4F7556}") = "Installer", "install\Installer.csproj", "{3423FF01-8731-4251-BBB9-A3DB64814BB3}"
EndProject
Project("{9A19103F-16F7-4668-BE54-9A1E7A4F7556}") = "Application", "source\Application\Application.csproj", "{A8106A37-B6E0-4E69-9BCC-2196740EA4BF}"
EndProject
Project("{9A19103F-16F7-4668-BE54-9A1E7A4F7556}") = "CommonProject", "source\CommonProject\CommonProject.csproj", "{C0CA44C2-BBA2-4C1C-8B19-4697619BA9AA}"
EndProject
Project("{9A19103F-16F7-4668-BE54-9A1E7A4F7556}") = "ExternalCommandOne", "source\ExternalCommandOne\ExternalCommandOne.csproj", "{4F0B5139-B810-485F-9B9F-09338A0EC1B5}"
EndProject
Project("{9A19103F-16F7-4668-BE54-9A1E7A4F7556}") = "ExtensibleStorageExample", "source\ExtensibleStorageExample\ExtensibleStorageExample.csproj", "{884E1358-E3E5-4264-9B80-184A1DA97F82}"
EndProject
Project("{9A19103F-16F7-4668-BE54-9A1E7A4F7556}") = "UpdaterExample", "source\UpdaterExample\UpdaterExample.csproj", "{F47F705C-483D-463F-8120-46205A4BE6D4}"
EndProject
Project("{9A19103F-16F7-4668-BE54-9A1E7A4F7556}") = "ImageExportExample", "source\ImageExportExample\ImageExportExample.csproj", "{75C2EF19-B1AC-42FA-B455-D1146885BC4E}"
EndProject
Project("{FAE04EC0-301F-11D3-BF4B-00C04F79EFBC}") = "FloorCreatorExample", "source\FloorCreatorExample\FloorCreatorExample.csproj", "{96E8A9D4-66AC-464B-B2C2-5EF0A5D9C2E5}"
EndProject
Global
	GlobalSection(SolutionConfigurationPlatforms) = preSolution
		Debug R20|Any CPU = Debug R20|Any CPU
		Debug R21|Any CPU = Debug R21|Any CPU
		Debug R22|Any CPU = Debug R22|Any CPU
		Debug R23|Any CPU = Debug R23|Any CPU
		Debug R24|Any CPU = Debug R24|Any CPU
		Debug R25|Any CPU = Debug R25|Any CPU
		Installer|Any CPU = Installer|Any CPU
		Release R20|Any CPU = Release R20|Any CPU
		Release R21|Any CPU = Release R21|Any CPU
		Release R22|Any CPU = Release R22|Any CPU
		Release R23|Any CPU = Release R23|Any CPU
		Release R24|Any CPU = Release R24|Any CPU
		Release R25|Any CPU = Release R25|Any CPU
	EndGlobalSection
	GlobalSection(ProjectConfigurationPlatforms) = postSolution
		{7DB63CBB-64E6-46D9-843F-1F0F1BF91FAA}.Debug R20|Any CPU.ActiveCfg = Debug|Any CPU
		{7DB63CBB-64E6-46D9-843F-1F0F1BF91FAA}.Debug R20|Any CPU.Build.0 = Debug|Any CPU
		{7DB63CBB-64E6-46D9-843F-1F0F1BF91FAA}.Debug R21|Any CPU.ActiveCfg = Debug|Any CPU
		{7DB63CBB-64E6-46D9-843F-1F0F1BF91FAA}.Debug R22|Any CPU.ActiveCfg = Debug|Any CPU
		{7DB63CBB-64E6-46D9-843F-1F0F1BF91FAA}.Debug R23|Any CPU.ActiveCfg = Debug|Any CPU
		{7DB63CBB-64E6-46D9-843F-1F0F1BF91FAA}.Debug R24|Any CPU.ActiveCfg = Debug|Any CPU
		{7DB63CBB-64E6-46D9-843F-1F0F1BF91FAA}.Debug R25|Any CPU.ActiveCfg = Debug|Any CPU
		{7DB63CBB-64E6-46D9-843F-1F0F1BF91FAA}.Installer|Any CPU.ActiveCfg = Release|Any CPU
		{7DB63CBB-64E6-46D9-843F-1F0F1BF91FAA}.Release R20|Any CPU.ActiveCfg = Release|Any CPU
		{7DB63CBB-64E6-46D9-843F-1F0F1BF91FAA}.Release R20|Any CPU.Build.0 = Release|Any CPU
		{7DB63CBB-64E6-46D9-843F-1F0F1BF91FAA}.Release R21|Any CPU.ActiveCfg = Release|Any CPU
		{7DB63CBB-64E6-46D9-843F-1F0F1BF91FAA}.Release R22|Any CPU.ActiveCfg = Release|Any CPU
		{7DB63CBB-64E6-46D9-843F-1F0F1BF91FAA}.Release R23|Any CPU.ActiveCfg = Release|Any CPU
		{7DB63CBB-64E6-46D9-843F-1F0F1BF91FAA}.Release R24|Any CPU.ActiveCfg = Release|Any CPU
		{7DB63CBB-64E6-46D9-843F-1F0F1BF91FAA}.Release R25|Any CPU.ActiveCfg = Release|Any CPU
		{3423FF01-8731-4251-BBB9-A3DB64814BB3}.Debug R20|Any CPU.ActiveCfg = Debug|Any CPU
		{3423FF01-8731-4251-BBB9-A3DB64814BB3}.Debug R20|Any CPU.Build.0 = Debug|Any CPU
		{3423FF01-8731-4251-BBB9-A3DB64814BB3}.Debug R21|Any CPU.ActiveCfg = Debug|Any CPU
		{3423FF01-8731-4251-BBB9-A3DB64814BB3}.Debug R22|Any CPU.ActiveCfg = Debug|Any CPU
		{3423FF01-8731-4251-BBB9-A3DB64814BB3}.Debug R23|Any CPU.ActiveCfg = Debug|Any CPU
		{3423FF01-8731-4251-BBB9-A3DB64814BB3}.Debug R24|Any CPU.ActiveCfg = Debug|Any CPU
		{3423FF01-8731-4251-BBB9-A3DB64814BB3}.Debug R25|Any CPU.ActiveCfg = Debug|Any CPU
		{3423FF01-8731-4251-BBB9-A3DB64814BB3}.Installer|Any CPU.ActiveCfg = Release|Any CPU
		{3423FF01-8731-4251-BBB9-A3DB64814BB3}.Installer|Any CPU.Build.0 = Release|Any CPU
		{3423FF01-8731-4251-BBB9-A3DB64814BB3}.Release R20|Any CPU.ActiveCfg = Release|Any CPU
		{3423FF01-8731-4251-BBB9-A3DB64814BB3}.Release R20|Any CPU.Build.0 = Release|Any CPU
		{3423FF01-8731-4251-BBB9-A3DB64814BB3}.Release R21|Any CPU.ActiveCfg = Release|Any CPU
		{3423FF01-8731-4251-BBB9-A3DB64814BB3}.Release R22|Any CPU.ActiveCfg = Release|Any CPU
		{3423FF01-8731-4251-BBB9-A3DB64814BB3}.Release R23|Any CPU.ActiveCfg = Release|Any CPU
		{3423FF01-8731-4251-BBB9-A3DB64814BB3}.Release R24|Any CPU.ActiveCfg = Release|Any CPU
		{3423FF01-8731-4251-BBB9-A3DB64814BB3}.Release R25|Any CPU.ActiveCfg = Release|Any CPU
		{A8106A37-B6E0-4E69-9BCC-2196740EA4BF}.Debug R20|Any CPU.ActiveCfg = Debug R25|Any CPU
		{A8106A37-B6E0-4E69-9BCC-2196740EA4BF}.Debug R20|Any CPU.Build.0 = Debug R25|Any CPU
		{A8106A37-B6E0-4E69-9BCC-2196740EA4BF}.Debug R21|Any CPU.ActiveCfg = Debug R21|Any CPU
		{A8106A37-B6E0-4E69-9BCC-2196740EA4BF}.Debug R21|Any CPU.Build.0 = Debug R21|Any CPU
		{A8106A37-B6E0-4E69-9BCC-2196740EA4BF}.Debug R22|Any CPU.ActiveCfg = Debug R22|Any CPU
		{A8106A37-B6E0-4E69-9BCC-2196740EA4BF}.Debug R22|Any CPU.Build.0 = Debug R22|Any CPU
		{A8106A37-B6E0-4E69-9BCC-2196740EA4BF}.Debug R23|Any CPU.ActiveCfg = Debug R23|Any CPU
		{A8106A37-B6E0-4E69-9BCC-2196740EA4BF}.Debug R23|Any CPU.Build.0 = Debug R23|Any CPU
		{A8106A37-B6E0-4E69-9BCC-2196740EA4BF}.Debug R24|Any CPU.ActiveCfg = Debug R24|Any CPU
		{A8106A37-B6E0-4E69-9BCC-2196740EA4BF}.Debug R24|Any CPU.Build.0 = Debug R24|Any CPU
		{A8106A37-B6E0-4E69-9BCC-2196740EA4BF}.Debug R25|Any CPU.ActiveCfg = Debug R25|Any CPU
		{A8106A37-B6E0-4E69-9BCC-2196740EA4BF}.Debug R25|Any CPU.Build.0 = Debug R25|Any CPU
		{A8106A37-B6E0-4E69-9BCC-2196740EA4BF}.Installer|Any CPU.ActiveCfg = Release R25|Any CPU
		{A8106A37-B6E0-4E69-9BCC-2196740EA4BF}.Installer|Any CPU.Build.0 = Release R25|Any CPU
		{A8106A37-B6E0-4E69-9BCC-2196740EA4BF}.Release R20|Any CPU.ActiveCfg = Release R25|Any CPU
		{A8106A37-B6E0-4E69-9BCC-2196740EA4BF}.Release R20|Any CPU.Build.0 = Release R25|Any CPU
		{A8106A37-B6E0-4E69-9BCC-2196740EA4BF}.Release R21|Any CPU.ActiveCfg = Release R21|Any CPU
		{A8106A37-B6E0-4E69-9BCC-2196740EA4BF}.Release R21|Any CPU.Build.0 = Release R21|Any CPU
		{A8106A37-B6E0-4E69-9BCC-2196740EA4BF}.Release R22|Any CPU.ActiveCfg = Release R22|Any CPU
		{A8106A37-B6E0-4E69-9BCC-2196740EA4BF}.Release R22|Any CPU.Build.0 = Release R22|Any CPU
		{A8106A37-B6E0-4E69-9BCC-2196740EA4BF}.Release R23|Any CPU.ActiveCfg = Release R23|Any CPU
		{A8106A37-B6E0-4E69-9BCC-2196740EA4BF}.Release R23|Any CPU.Build.0 = Release R23|Any CPU
		{A8106A37-B6E0-4E69-9BCC-2196740EA4BF}.Release R24|Any CPU.ActiveCfg = Release R24|Any CPU
		{A8106A37-B6E0-4E69-9BCC-2196740EA4BF}.Release R24|Any CPU.Build.0 = Release R24|Any CPU
		{A8106A37-B6E0-4E69-9BCC-2196740EA4BF}.Release R25|Any CPU.ActiveCfg = Release R25|Any CPU
		{A8106A37-B6E0-4E69-9BCC-2196740EA4BF}.Release R25|Any CPU.Build.0 = Release R25|Any CPU
		{C0CA44C2-BBA2-4C1C-8B19-4697619BA9AA}.Debug R20|Any CPU.ActiveCfg = Debug R25|Any CPU
		{C0CA44C2-BBA2-4C1C-8B19-4697619BA9AA}.Debug R20|Any CPU.Build.0 = Debug R25|Any CPU
		{C0CA44C2-BBA2-4C1C-8B19-4697619BA9AA}.Debug R21|Any CPU.ActiveCfg = Debug R21|Any CPU
		{C0CA44C2-BBA2-4C1C-8B19-4697619BA9AA}.Debug R21|Any CPU.Build.0 = Debug R21|Any CPU
		{C0CA44C2-BBA2-4C1C-8B19-4697619BA9AA}.Debug R22|Any CPU.ActiveCfg = Debug R22|Any CPU
		{C0CA44C2-BBA2-4C1C-8B19-4697619BA9AA}.Debug R22|Any CPU.Build.0 = Debug R22|Any CPU
		{C0CA44C2-BBA2-4C1C-8B19-4697619BA9AA}.Debug R23|Any CPU.ActiveCfg = Debug R23|Any CPU
		{C0CA44C2-BBA2-4C1C-8B19-4697619BA9AA}.Debug R23|Any CPU.Build.0 = Debug R23|Any CPU
		{C0CA44C2-BBA2-4C1C-8B19-4697619BA9AA}.Debug R24|Any CPU.ActiveCfg = Debug R24|Any CPU
		{C0CA44C2-BBA2-4C1C-8B19-4697619BA9AA}.Debug R24|Any CPU.Build.0 = Debug R24|Any CPU
		{C0CA44C2-BBA2-4C1C-8B19-4697619BA9AA}.Debug R25|Any CPU.ActiveCfg = Debug R25|Any CPU
		{C0CA44C2-BBA2-4C1C-8B19-4697619BA9AA}.Debug R25|Any CPU.Build.0 = Debug R25|Any CPU
		{C0CA44C2-BBA2-4C1C-8B19-4697619BA9AA}.Installer|Any CPU.ActiveCfg = Release R25|Any CPU
		{C0CA44C2-BBA2-4C1C-8B19-4697619BA9AA}.Installer|Any CPU.Build.0 = Release R25|Any CPU
		{C0CA44C2-BBA2-4C1C-8B19-4697619BA9AA}.Release R20|Any CPU.ActiveCfg = Release R25|Any CPU
		{C0CA44C2-BBA2-4C1C-8B19-4697619BA9AA}.Release R20|Any CPU.Build.0 = Release R25|Any CPU
		{C0CA44C2-BBA2-4C1C-8B19-4697619BA9AA}.Release R21|Any CPU.ActiveCfg = Release R21|Any CPU
		{C0CA44C2-BBA2-4C1C-8B19-4697619BA9AA}.Release R21|Any CPU.Build.0 = Release R21|Any CPU
		{C0CA44C2-BBA2-4C1C-8B19-4697619BA9AA}.Release R22|Any CPU.ActiveCfg = Release R22|Any CPU
		{C0CA44C2-BBA2-4C1C-8B19-4697619BA9AA}.Release R22|Any CPU.Build.0 = Release R22|Any CPU
		{C0CA44C2-BBA2-4C1C-8B19-4697619BA9AA}.Release R23|Any CPU.ActiveCfg = Release R23|Any CPU
		{C0CA44C2-BBA2-4C1C-8B19-4697619BA9AA}.Release R23|Any CPU.Build.0 = Release R23|Any CPU
		{C0CA44C2-BBA2-4C1C-8B19-4697619BA9AA}.Release R24|Any CPU.ActiveCfg = Release R24|Any CPU
		{C0CA44C2-BBA2-4C1C-8B19-4697619BA9AA}.Release R24|Any CPU.Build.0 = Release R24|Any CPU
		{C0CA44C2-BBA2-4C1C-8B19-4697619BA9AA}.Release R25|Any CPU.ActiveCfg = Release R25|Any CPU
		{C0CA44C2-BBA2-4C1C-8B19-4697619BA9AA}.Release R25|Any CPU.Build.0 = Release R25|Any CPU
		{4F0B5139-B810-485F-9B9F-09338A0EC1B5}.Debug R20|Any CPU.ActiveCfg = Debug R25|Any CPU
		{4F0B5139-B810-485F-9B9F-09338A0EC1B5}.Debug R20|Any CPU.Build.0 = Debug R25|Any CPU
		{4F0B5139-B810-485F-9B9F-09338A0EC1B5}.Debug R21|Any CPU.ActiveCfg = Debug R21|Any CPU
		{4F0B5139-B810-485F-9B9F-09338A0EC1B5}.Debug R21|Any CPU.Build.0 = Debug R21|Any CPU
		{4F0B5139-B810-485F-9B9F-09338A0EC1B5}.Debug R22|Any CPU.ActiveCfg = Debug R22|Any CPU
		{4F0B5139-B810-485F-9B9F-09338A0EC1B5}.Debug R22|Any CPU.Build.0 = Debug R22|Any CPU
		{4F0B5139-B810-485F-9B9F-09338A0EC1B5}.Debug R23|Any CPU.ActiveCfg = Debug R23|Any CPU
		{4F0B5139-B810-485F-9B9F-09338A0EC1B5}.Debug R23|Any CPU.Build.0 = Debug R23|Any CPU
		{4F0B5139-B810-485F-9B9F-09338A0EC1B5}.Debug R24|Any CPU.ActiveCfg = Debug R24|Any CPU
		{4F0B5139-B810-485F-9B9F-09338A0EC1B5}.Debug R24|Any CPU.Build.0 = Debug R24|Any CPU
		{4F0B5139-B810-485F-9B9F-09338A0EC1B5}.Debug R25|Any CPU.ActiveCfg = Debug R25|Any CPU
		{4F0B5139-B810-485F-9B9F-09338A0EC1B5}.Debug R25|Any CPU.Build.0 = Debug R25|Any CPU
		{4F0B5139-B810-485F-9B9F-09338A0EC1B5}.Installer|Any CPU.ActiveCfg = Release R25|Any CPU
		{4F0B5139-B810-485F-9B9F-09338A0EC1B5}.Installer|Any CPU.Build.0 = Release R25|Any CPU
		{4F0B5139-B810-485F-9B9F-09338A0EC1B5}.Release R20|Any CPU.ActiveCfg = Release R25|Any CPU
		{4F0B5139-B810-485F-9B9F-09338A0EC1B5}.Release R20|Any CPU.Build.0 = Release R25|Any CPU
		{4F0B5139-B810-485F-9B9F-09338A0EC1B5}.Release R21|Any CPU.ActiveCfg = Release R21|Any CPU
		{4F0B5139-B810-485F-9B9F-09338A0EC1B5}.Release R21|Any CPU.Build.0 = Release R21|Any CPU
		{4F0B5139-B810-485F-9B9F-09338A0EC1B5}.Release R22|Any CPU.ActiveCfg = Release R22|Any CPU
		{4F0B5139-B810-485F-9B9F-09338A0EC1B5}.Release R22|Any CPU.Build.0 = Release R22|Any CPU
		{4F0B5139-B810-485F-9B9F-09338A0EC1B5}.Release R23|Any CPU.ActiveCfg = Release R23|Any CPU
		{4F0B5139-B810-485F-9B9F-09338A0EC1B5}.Release R23|Any CPU.Build.0 = Release R23|Any CPU
		{4F0B5139-B810-485F-9B9F-09338A0EC1B5}.Release R24|Any CPU.ActiveCfg = Release R24|Any CPU
		{4F0B5139-B810-485F-9B9F-09338A0EC1B5}.Release R24|Any CPU.Build.0 = Release R24|Any CPU
		{4F0B5139-B810-485F-9B9F-09338A0EC1B5}.Release R25|Any CPU.ActiveCfg = Release R25|Any CPU
		{4F0B5139-B810-485F-9B9F-09338A0EC1B5}.Release R25|Any CPU.Build.0 = Release R25|Any CPU
		{884E1358-E3E5-4264-9B80-184A1DA97F82}.Debug R20|Any CPU.ActiveCfg = Debug R25|Any CPU
		{884E1358-E3E5-4264-9B80-184A1DA97F82}.Debug R20|Any CPU.Build.0 = Debug R25|Any CPU
		{884E1358-E3E5-4264-9B80-184A1DA97F82}.Debug R21|Any CPU.ActiveCfg = Debug R21|Any CPU
		{884E1358-E3E5-4264-9B80-184A1DA97F82}.Debug R21|Any CPU.Build.0 = Debug R21|Any CPU
		{884E1358-E3E5-4264-9B80-184A1DA97F82}.Debug R22|Any CPU.ActiveCfg = Debug R22|Any CPU
		{884E1358-E3E5-4264-9B80-184A1DA97F82}.Debug R22|Any CPU.Build.0 = Debug R22|Any CPU
		{884E1358-E3E5-4264-9B80-184A1DA97F82}.Debug R23|Any CPU.ActiveCfg = Debug R23|Any CPU
		{884E1358-E3E5-4264-9B80-184A1DA97F82}.Debug R23|Any CPU.Build.0 = Debug R23|Any CPU
		{884E1358-E3E5-4264-9B80-184A1DA97F82}.Debug R24|Any CPU.ActiveCfg = Debug R24|Any CPU
		{884E1358-E3E5-4264-9B80-184A1DA97F82}.Debug R24|Any CPU.Build.0 = Debug R24|Any CPU
		{884E1358-E3E5-4264-9B80-184A1DA97F82}.Debug R25|Any CPU.ActiveCfg = Debug R25|Any CPU
		{884E1358-E3E5-4264-9B80-184A1DA97F82}.Debug R25|Any CPU.Build.0 = Debug R25|Any CPU
		{884E1358-E3E5-4264-9B80-184A1DA97F82}.Installer|Any CPU.ActiveCfg = Release R25|Any CPU
		{884E1358-E3E5-4264-9B80-184A1DA97F82}.Installer|Any CPU.Build.0 = Release R25|Any CPU
		{884E1358-E3E5-4264-9B80-184A1DA97F82}.Release R20|Any CPU.ActiveCfg = Release R25|Any CPU
		{884E1358-E3E5-4264-9B80-184A1DA97F82}.Release R20|Any CPU.Build.0 = Release R25|Any CPU
		{884E1358-E3E5-4264-9B80-184A1DA97F82}.Release R21|Any CPU.ActiveCfg = Release R21|Any CPU
		{884E1358-E3E5-4264-9B80-184A1DA97F82}.Release R21|Any CPU.Build.0 = Release R21|Any CPU
		{884E1358-E3E5-4264-9B80-184A1DA97F82}.Release R22|Any CPU.ActiveCfg = Release R22|Any CPU
		{884E1358-E3E5-4264-9B80-184A1DA97F82}.Release R22|Any CPU.Build.0 = Release R22|Any CPU
		{884E1358-E3E5-4264-9B80-184A1DA97F82}.Release R23|Any CPU.ActiveCfg = Release R23|Any CPU
		{884E1358-E3E5-4264-9B80-184A1DA97F82}.Release R23|Any CPU.Build.0 = Release R23|Any CPU
		{884E1358-E3E5-4264-9B80-184A1DA97F82}.Release R24|Any CPU.ActiveCfg = Release R24|Any CPU
		{884E1358-E3E5-4264-9B80-184A1DA97F82}.Release R24|Any CPU.Build.0 = Release R24|Any CPU
		{884E1358-E3E5-4264-9B80-184A1DA97F82}.Release R25|Any CPU.ActiveCfg = Release R25|Any CPU
		{884E1358-E3E5-4264-9B80-184A1DA97F82}.Release R25|Any CPU.Build.0 = Release R25|Any CPU
		{F47F705C-483D-463F-8120-46205A4BE6D4}.Debug R20|Any CPU.ActiveCfg = Debug R25|Any CPU
		{F47F705C-483D-463F-8120-46205A4BE6D4}.Debug R20|Any CPU.Build.0 = Debug R25|Any CPU
		{F47F705C-483D-463F-8120-46205A4BE6D4}.Debug R21|Any CPU.ActiveCfg = Debug R21|Any CPU
		{F47F705C-483D-463F-8120-46205A4BE6D4}.Debug R21|Any CPU.Build.0 = Debug R21|Any CPU
		{F47F705C-483D-463F-8120-46205A4BE6D4}.Debug R22|Any CPU.ActiveCfg = Debug R22|Any CPU
		{F47F705C-483D-463F-8120-46205A4BE6D4}.Debug R22|Any CPU.Build.0 = Debug R22|Any CPU
		{F47F705C-483D-463F-8120-46205A4BE6D4}.Debug R23|Any CPU.ActiveCfg = Debug R23|Any CPU
		{F47F705C-483D-463F-8120-46205A4BE6D4}.Debug R23|Any CPU.Build.0 = Debug R23|Any CPU
		{F47F705C-483D-463F-8120-46205A4BE6D4}.Debug R24|Any CPU.ActiveCfg = Debug R24|Any CPU
		{F47F705C-483D-463F-8120-46205A4BE6D4}.Debug R24|Any CPU.Build.0 = Debug R24|Any CPU
		{F47F705C-483D-463F-8120-46205A4BE6D4}.Debug R25|Any CPU.ActiveCfg = Debug R25|Any CPU
		{F47F705C-483D-463F-8120-46205A4BE6D4}.Debug R25|Any CPU.Build.0 = Debug R25|Any CPU
		{F47F705C-483D-463F-8120-46205A4BE6D4}.Installer|Any CPU.ActiveCfg = Release R25|Any CPU
		{F47F705C-483D-463F-8120-46205A4BE6D4}.Installer|Any CPU.Build.0 = Release R25|Any CPU
		{F47F705C-483D-463F-8120-46205A4BE6D4}.Release R20|Any CPU.ActiveCfg = Release R25|Any CPU
		{F47F705C-483D-463F-8120-46205A4BE6D4}.Release R20|Any CPU.Build.0 = Release R25|Any CPU
		{F47F705C-483D-463F-8120-46205A4BE6D4}.Release R21|Any CPU.ActiveCfg = Release R21|Any CPU
		{F47F705C-483D-463F-8120-46205A4BE6D4}.Release R21|Any CPU.Build.0 = Release R21|Any CPU
		{F47F705C-483D-463F-8120-46205A4BE6D4}.Release R22|Any CPU.ActiveCfg = Release R22|Any CPU
		{F47F705C-483D-463F-8120-46205A4BE6D4}.Release R22|Any CPU.Build.0 = Release R22|Any CPU
		{F47F705C-483D-463F-8120-46205A4BE6D4}.Release R23|Any CPU.ActiveCfg = Release R23|Any CPU
		{F47F705C-483D-463F-8120-46205A4BE6D4}.Release R23|Any CPU.Build.0 = Release R23|Any CPU
		{F47F705C-483D-463F-8120-46205A4BE6D4}.Release R24|Any CPU.ActiveCfg = Release R24|Any CPU
		{F47F705C-483D-463F-8120-46205A4BE6D4}.Release R24|Any CPU.Build.0 = Release R24|Any CPU
		{F47F705C-483D-463F-8120-46205A4BE6D4}.Release R25|Any CPU.ActiveCfg = Release R25|Any CPU
		{F47F705C-483D-463F-8120-46205A4BE6D4}.Release R25|Any CPU.Build.0 = Release R25|Any CPU
		{75C2EF19-B1AC-42FA-B455-D1146885BC4E}.Debug R20|Any CPU.ActiveCfg = Debug R20|Any CPU
		{75C2EF19-B1AC-42FA-B455-D1146885BC4E}.Debug R20|Any CPU.Build.0 = Debug R20|Any CPU
		{75C2EF19-B1AC-42FA-B455-D1146885BC4E}.Debug R21|Any CPU.ActiveCfg = Debug R21|Any CPU
		{75C2EF19-B1AC-42FA-B455-D1146885BC4E}.Debug R21|Any CPU.Build.0 = Debug R21|Any CPU
		{75C2EF19-B1AC-42FA-B455-D1146885BC4E}.Debug R22|Any CPU.ActiveCfg = Debug R22|Any CPU
		{75C2EF19-B1AC-42FA-B455-D1146885BC4E}.Debug R22|Any CPU.Build.0 = Debug R22|Any CPU
		{75C2EF19-B1AC-42FA-B455-D1146885BC4E}.Debug R23|Any CPU.ActiveCfg = Debug R23|Any CPU
		{75C2EF19-B1AC-42FA-B455-D1146885BC4E}.Debug R23|Any CPU.Build.0 = Debug R23|Any CPU
		{75C2EF19-B1AC-42FA-B455-D1146885BC4E}.Debug R24|Any CPU.ActiveCfg = Debug R24|Any CPU
		{75C2EF19-B1AC-42FA-B455-D1146885BC4E}.Debug R24|Any CPU.Build.0 = Debug R24|Any CPU
		{75C2EF19-B1AC-42FA-B455-D1146885BC4E}.Debug R25|Any CPU.ActiveCfg = Debug R25|Any CPU
		{75C2EF19-B1AC-42FA-B455-D1146885BC4E}.Debug R25|Any CPU.Build.0 = Debug R25|Any CPU
		{75C2EF19-B1AC-42FA-B455-D1146885BC4E}.Installer|Any CPU.ActiveCfg = Debug R20|Any CPU
		{75C2EF19-B1AC-42FA-B455-D1146885BC4E}.Installer|Any CPU.Build.0 = Debug R20|Any CPU
		{75C2EF19-B1AC-42FA-B455-D1146885BC4E}.Release R20|Any CPU.ActiveCfg = Release R20|Any CPU
		{75C2EF19-B1AC-42FA-B455-D1146885BC4E}.Release R20|Any CPU.Build.0 = Release R20|Any CPU
		{75C2EF19-B1AC-42FA-B455-D1146885BC4E}.Release R21|Any CPU.ActiveCfg = Release R21|Any CPU
		{75C2EF19-B1AC-42FA-B455-D1146885BC4E}.Release R21|Any CPU.Build.0 = Release R21|Any CPU
		{75C2EF19-B1AC-42FA-B455-D1146885BC4E}.Release R22|Any CPU.ActiveCfg = Release R22|Any CPU
		{75C2EF19-B1AC-42FA-B455-D1146885BC4E}.Release R22|Any CPU.Build.0 = Release R22|Any CPU
		{75C2EF19-B1AC-42FA-B455-D1146885BC4E}.Release R23|Any CPU.ActiveCfg = Release R23|Any CPU
		{75C2EF19-B1AC-42FA-B455-D1146885BC4E}.Release R23|Any CPU.Build.0 = Release R23|Any CPU
		{75C2EF19-B1AC-42FA-B455-D1146885BC4E}.Release R24|Any CPU.ActiveCfg = Release R24|Any CPU
		{75C2EF19-B1AC-42FA-B455-D1146885BC4E}.Release R24|Any CPU.Build.0 = Release R24|Any CPU
		{75C2EF19-B1AC-42FA-B455-D1146885BC4E}.Release R25|Any CPU.ActiveCfg = Release R25|Any CPU
		{75C2EF19-B1AC-42FA-B455-D1146885BC4E}.Release R25|Any CPU.Build.0 = Release R25|Any CPU
		{96E8A9D4-66AC-464B-B2C2-5EF0A5D9C2E5}.Debug R20|Any CPU.ActiveCfg = Debug R20|Any CPU
		{96E8A9D4-66AC-464B-B2C2-5EF0A5D9C2E5}.Debug R20|Any CPU.Build.0 = Debug R20|Any CPU
		{96E8A9D4-66AC-464B-B2C2-5EF0A5D9C2E5}.Debug R21|Any CPU.ActiveCfg = Debug R21|Any CPU
		{96E8A9D4-66AC-464B-B2C2-5EF0A5D9C2E5}.Debug R21|Any CPU.Build.0 = Debug R21|Any CPU
		{96E8A9D4-66AC-464B-B2C2-5EF0A5D9C2E5}.Debug R22|Any CPU.ActiveCfg = Debug R22|Any CPU
		{96E8A9D4-66AC-464B-B2C2-5EF0A5D9C2E5}.Debug R22|Any CPU.Build.0 = Debug R22|Any CPU
		{96E8A9D4-66AC-464B-B2C2-5EF0A5D9C2E5}.Debug R23|Any CPU.ActiveCfg = Debug R23|Any CPU
		{96E8A9D4-66AC-464B-B2C2-5EF0A5D9C2E5}.Debug R23|Any CPU.Build.0 = Debug R23|Any CPU
		{96E8A9D4-66AC-464B-B2C2-5EF0A5D9C2E5}.Debug R24|Any CPU.ActiveCfg = Debug R24|Any CPU
		{96E8A9D4-66AC-464B-B2C2-5EF0A5D9C2E5}.Debug R24|Any CPU.Build.0 = Debug R24|Any CPU
		{96E8A9D4-66AC-464B-B2C2-5EF0A5D9C2E5}.Debug R25|Any CPU.ActiveCfg = Debug R25|Any CPU
		{96E8A9D4-66AC-464B-B2C2-5EF0A5D9C2E5}.Debug R25|Any CPU.Build.0 = Debug R25|Any CPU
		{96E8A9D4-66AC-464B-B2C2-5EF0A5D9C2E5}.Installer|Any CPU.ActiveCfg = Debug R20|Any CPU
		{96E8A9D4-66AC-464B-B2C2-5EF0A5D9C2E5}.Installer|Any CPU.Build.0 = Debug R20|Any CPU
		{96E8A9D4-66AC-464B-B2C2-5EF0A5D9C2E5}.Release R20|Any CPU.ActiveCfg = Release R20|Any CPU
		{96E8A9D4-66AC-464B-B2C2-5EF0A5D9C2E5}.Release R20|Any CPU.Build.0 = Release R20|Any CPU
		{96E8A9D4-66AC-464B-B2C2-5EF0A5D9C2E5}.Release R21|Any CPU.ActiveCfg = Release R21|Any CPU
		{96E8A9D4-66AC-464B-B2C2-5EF0A5D9C2E5}.Release R21|Any CPU.Build.0 = Release R21|Any CPU
		{96E8A9D4-66AC-464B-B2C2-5EF0A5D9C2E5}.Release R22|Any CPU.ActiveCfg = Release R22|Any CPU
		{96E8A9D4-66AC-464B-B2C2-5EF0A5D9C2E5}.Release R22|Any CPU.Build.0 = Release R22|Any CPU
		{96E8A9D4-66AC-464B-B2C2-5EF0A5D9C2E5}.Release R23|Any CPU.ActiveCfg = Release R23|Any CPU
		{96E8A9D4-66AC-464B-B2C2-5EF0A5D9C2E5}.Release R23|Any CPU.Build.0 = Release R23|Any CPU
		{96E8A9D4-66AC-464B-B2C2-5EF0A5D9C2E5}.Release R24|Any CPU.ActiveCfg = Release R24|Any CPU
		{96E8A9D4-66AC-464B-B2C2-5EF0A5D9C2E5}.Release R24|Any CPU.Build.0 = Release R24|Any CPU
		{96E8A9D4-66AC-464B-B2C2-5EF0A5D9C2E5}.Release R25|Any CPU.ActiveCfg = Release R25|Any CPU
		{96E8A9D4-66AC-464B-B2C2-5EF0A5D9C2E5}.Release R25|Any CPU.Build.0 = Release R25|Any CPU
	EndGlobalSection
	GlobalSection(SolutionProperties) = preSolution
		HideSolutionNode = FALSE
	EndGlobalSection
	GlobalSection(ExtensibilityGlobals) = postSolution
		SolutionGuid = {2FD1EA20-D5C6-444E-8792-9C0D0BAC670B}
	EndGlobalSection
EndGlobal
